
Microsoft Visual Studio Solution File, Format Version 12.00
# Visual Studio Version 16
VisualStudioVersion = 16.0.30204.135
MinimumVisualStudioVersion = 10.0.40219.1
Project("{FAE04EC0-301F-11D3-BF4B-00C04F79EFBC}") = "DA_AutomationTest", "DA_AutomationTest\DA_AutomationTest.csproj", "{35871405-397E-4300-8E51-D7D834658251}"
EndProject
Global
	GlobalSection(SolutionConfigurationPlatforms) = preSolution
		Debug|Any CPU = Debug|Any CPU
		Release|Any CPU = Release|Any CPU
	EndGlobalSection
	GlobalSection(ProjectConfigurationPlatforms) = postSolution
		{35871405-397E-4300-8E51-D7D834658251}.Debug|Any CPU.ActiveCfg = Debug|Any CPU
		{35871405-397E-4300-8E51-D7D834658251}.Debug|Any CPU.Build.0 = Debug|Any CPU
		{35871405-397E-4300-8E51-D7D834658251}.Release|Any CPU.ActiveCfg = Release|Any CPU
		{35871405-397E-4300-8E51-D7D834658251}.Release|Any CPU.Build.0 = Release|Any CPU
	EndGlobalSection
	GlobalSection(SolutionProperties) = preSolution
		HideSolutionNode = FALSE
	EndGlobalSection
	GlobalSection(ExtensibilityGlobals) = postSolution
		SolutionGuid = {34C0A18C-FECE-4079-BCAD-6B1444E4EAAB}
	EndGlobalSection
EndGlobal
